
Microsoft Visual Studio Solution File, Format Version 12.00
# Visual Studio 14
VisualStudioVersion = 14.0.24720.0
MinimumVisualStudioVersion = 10.0.40219.1
Project("{FAE04EC0-301F-11D3-BF4B-00C04F79EFBC}") = "ITI.GameOfLife", "ITI.GameOfLife\ITI.GameOfLife.csproj", "{FEF0ACCF-A297-4E2B-A03D-33B67809F219}"
EndProject
Project("{FAE04EC0-301F-11D3-BF4B-00C04F79EFBC}") = "ITI.GameOfLife.Tests", "ITI.GameOfLife.Tests\ITI.GameOfLife.Tests.csproj", "{9F1863D5-A50A-4635-A467-310C5B2725B5}"
EndProject
Global
	GlobalSection(SolutionConfigurationPlatforms) = preSolution
		Debug|Any CPU = Debug|Any CPU
		Release|Any CPU = Release|Any CPU
	EndGlobalSection
	GlobalSection(ProjectConfigurationPlatforms) = postSolution
		{FEF0ACCF-A297-4E2B-A03D-33B67809F219}.Debug|Any CPU.ActiveCfg = Debug|Any CPU
		{FEF0ACCF-A297-4E2B-A03D-33B67809F219}.Debug|Any CPU.Build.0 = Debug|Any CPU
		{FEF0ACCF-A297-4E2B-A03D-33B67809F219}.Release|Any CPU.ActiveCfg = Release|Any CPU
		{FEF0ACCF-A297-4E2B-A03D-33B67809F219}.Release|Any CPU.Build.0 = Release|Any CPU
		{9F1863D5-A50A-4635-A467-310C5B2725B5}.Debug|Any CPU.ActiveCfg = Debug|Any CPU
		{9F1863D5-A50A-4635-A467-310C5B2725B5}.Debug|Any CPU.Build.0 = Debug|Any CPU
		{9F1863D5-A50A-4635-A467-310C5B2725B5}.Release|Any CPU.ActiveCfg = Release|Any CPU
		{9F1863D5-A50A-4635-A467-310C5B2725B5}.Release|Any CPU.Build.0 = Release|Any CPU
	EndGlobalSection
	GlobalSection(SolutionProperties) = preSolution
		HideSolutionNode = FALSE
	EndGlobalSection
EndGlobal
